{
  "name": "Sentra",
  "lockfileVersion": 3,
  "requires": true,
  "packages": {
    "": {
      "dependencies": {
        "react-is": "^19.2.5"
      }
    },
    "node_modules/react-is": {
      "version": "19.2.5",
      "resolved": "https://registry.npmjs.org/react-is/-/react-is-19.2.5.tgz",
      "integrity": "sha512-Dn0t8IQhCmeIT3wu+Apm1/YVsJXsGWi6k4sPdnBIdqMVtHtv0IGi6dcpNpNkNac0zB2uUAqNX3MHzN8c+z2rwQ==",
      "license": "MIT"
    }
  }
}
